
Microsoft Visual Studio Solution File, Format Version 12.00
# Visual Studio Version 17
VisualStudioVersion = 17.4.33122.133
MinimumVisualStudioVersion = 10.0.40219.1
Project("{FAE04EC0-301F-11D3-BF4B-00C04F79EFBC}") = "DataStructure", "DataStructure.csproj", "{48B6E395-0A32-4A00-8A62-A3AF6AFA7115}"
EndProject
Global
	GlobalSection(SolutionConfigurationPlatforms) = preSolution
		Debug|Any CPU = Debug|Any CPU
		Release|Any CPU = Release|Any CPU
	EndGlobalSection
	GlobalSection(ProjectConfigurationPlatforms) = postSolution
		{48B6E395-0A32-4A00-8A62-A3AF6AFA7115}.Debug|Any CPU.ActiveCfg = Debug|Any CPU
		{48B6E395-0A32-4A00-8A62-A3AF6AFA7115}.Debug|Any CPU.Build.0 = Debug|Any CPU
		{48B6E395-0A32-4A00-8A62-A3AF6AFA7115}.Release|Any CPU.ActiveCfg = Release|Any CPU
		{48B6E395-0A32-4A00-8A62-A3AF6AFA7115}.Release|Any CPU.Build.0 = Release|Any CPU
	EndGlobalSection
	GlobalSection(SolutionProperties) = preSolution
		HideSolutionNode = FALSE
	EndGlobalSection
	GlobalSection(ExtensibilityGlobals) = postSolution
		SolutionGuid = {01957DCE-A52A-4AF2-8261-E1F616DAC910}
	EndGlobalSection
EndGlobal
